
Microsoft Visual Studio Solution File, Format Version 12.00
# Visual Studio Version 17
VisualStudioVersion = 17.14.36623.8
MinimumVisualStudioVersion = 10.0.40219.1
Project("{FAE04EC0-301F-11D3-BF4B-00C04F79EFBC}") = "Hej", "Hej\Hej.csproj", "{9FA0F5D3-E4F8-4445-AD9D-CD4F073FB227}"
EndProject
Project("{FAE04EC0-301F-11D3-BF4B-00C04F79EFBC}") = "EnApi", "EnApi\EnApi.csproj", "{BDC5A573-B7E2-4BB9-8398-DA0983AA231F}"
EndProject
Project("{FAE04EC0-301F-11D3-BF4B-00C04F79EFBC}") = "HejTests", "HejTests\HejTests.csproj", "{9104141C-D8F7-4DE5-AF92-AAEF17B2A991}"
EndProject
Project("{FAE04EC0-301F-11D3-BF4B-00C04F79EFBC}") = "EnApiTests", "EnApiTests\EnApiTests.csproj", "{75699D36-4364-4434-BCFB-A3A71C880F08}"
EndProject
Global
	GlobalSection(SolutionConfigurationPlatforms) = preSolution
		Debug|Any CPU = Debug|Any CPU
		Release|Any CPU = Release|Any CPU
	EndGlobalSection
	GlobalSection(ProjectConfigurationPlatforms) = postSolution
		{9FA0F5D3-E4F8-4445-AD9D-CD4F073FB227}.Debug|Any CPU.ActiveCfg = Debug|Any CPU
		{9FA0F5D3-E4F8-4445-AD9D-CD4F073FB227}.Debug|Any CPU.Build.0 = Debug|Any CPU
		{9FA0F5D3-E4F8-4445-AD9D-CD4F073FB227}.Release|Any CPU.ActiveCfg = Release|Any CPU
		{9FA0F5D3-E4F8-4445-AD9D-CD4F073FB227}.Release|Any CPU.Build.0 = Release|Any CPU
		{BDC5A573-B7E2-4BB9-8398-DA0983AA231F}.Debug|Any CPU.ActiveCfg = Debug|Any CPU
		{BDC5A573-B7E2-4BB9-8398-DA0983AA231F}.Debug|Any CPU.Build.0 = Debug|Any CPU
		{BDC5A573-B7E2-4BB9-8398-DA0983AA231F}.Release|Any CPU.ActiveCfg = Release|Any CPU
		{BDC5A573-B7E2-4BB9-8398-DA0983AA231F}.Release|Any CPU.Build.0 = Release|Any CPU
		{9104141C-D8F7-4DE5-AF92-AAEF17B2A991}.Debug|Any CPU.ActiveCfg = Debug|Any CPU
		{9104141C-D8F7-4DE5-AF92-AAEF17B2A991}.Debug|Any CPU.Build.0 = Debug|Any CPU
		{9104141C-D8F7-4DE5-AF92-AAEF17B2A991}.Release|Any CPU.ActiveCfg = Release|Any CPU
		{9104141C-D8F7-4DE5-AF92-AAEF17B2A991}.Release|Any CPU.Build.0 = Release|Any CPU
		{75699D36-4364-4434-BCFB-A3A71C880F08}.Debug|Any CPU.ActiveCfg = Debug|Any CPU
		{75699D36-4364-4434-BCFB-A3A71C880F08}.Debug|Any CPU.Build.0 = Debug|Any CPU
		{75699D36-4364-4434-BCFB-A3A71C880F08}.Release|Any CPU.ActiveCfg = Release|Any CPU
		{75699D36-4364-4434-BCFB-A3A71C880F08}.Release|Any CPU.Build.0 = Release|Any CPU
	EndGlobalSection
	GlobalSection(SolutionProperties) = preSolution
		HideSolutionNode = FALSE
	EndGlobalSection
	GlobalSection(ExtensibilityGlobals) = postSolution
		SolutionGuid = {F99A1400-EDE1-4D9F-902A-80F5BF6ECAB2}
	EndGlobalSection
EndGlobal
